
Microsoft Visual Studio Solution File, Format Version 12.00
# Visual Studio Version 16
VisualStudioVersion = 16.0.31025.194
MinimumVisualStudioVersion = 10.0.40219.1
Project("{8BC9CEB8-8B4A-11D0-8D11-00A0C91BC942}") = "Triangles", "Triangles\Triangles.vcxproj", "{9E8BC461-C981-4947-8769-14850D678416}"
EndProject
Project("{8BC9CEB8-8B4A-11D0-8D11-00A0C91BC942}") = "LeastCommonMultiple", "LeastCommonMultiple\LeastCommonMultiple.vcxproj", "{3A3B6480-7F4E-4C6B-B133-40D907EF1FC4}"
EndProject
Project("{8BC9CEB8-8B4A-11D0-8D11-00A0C91BC942}") = "TwoHorses", "TwoHorses\TwoHorses.vcxproj", "{9939DFB7-CF5F-4551-909F-118E8CED84BF}"
EndProject
Project("{8BC9CEB8-8B4A-11D0-8D11-00A0C91BC942}") = "Mutants", "Mutants\Mutants.vcxproj", "{8A5B6F37-1BD4-493A-AE3C-BBB6BDA4CB91}"
EndProject
Project("{8BC9CEB8-8B4A-11D0-8D11-00A0C91BC942}") = "FromBinaryToDecimal", "FromBinaryToDecimal\FromBinaryToDecimal.vcxproj", "{74954A8B-B546-4581-B84F-75E206B75165}"
EndProject
Project("{8BC9CEB8-8B4A-11D0-8D11-00A0C91BC942}") = "FirstDigit", "FirstDigit\FirstDigit.vcxproj", "{BE9FEDAC-7056-432F-A1C3-FAFF239C6685}"
EndProject
Project("{8BC9CEB8-8B4A-11D0-8D11-00A0C91BC942}") = "GuessNumber", "GuessNumber\GuessNumber.vcxproj", "{9D88D40A-E308-4653-9129-4F3C7C2A389C}"
EndProject
Project("{8BC9CEB8-8B4A-11D0-8D11-00A0C91BC942}") = "Exponentiation", "Exponentiation\Exponentiation.vcxproj", "{8104DC5A-DADD-42A1-999C-6C5C63C6A9F9}"
EndProject
Project("{8BC9CEB8-8B4A-11D0-8D11-00A0C91BC942}") = "BinaryOnlyOnes", "BinaryOnlyOnes\BinaryOnlyOnes.vcxproj", "{125F32E5-E451-4ADC-87BD-F32B9804D593}"
EndProject
Global
	GlobalSection(SolutionConfigurationPlatforms) = preSolution
		Debug|x64 = Debug|x64
		Debug|x86 = Debug|x86
		Release|x64 = Release|x64
		Release|x86 = Release|x86
	EndGlobalSection
	GlobalSection(ProjectConfigurationPlatforms) = postSolution
		{9E8BC461-C981-4947-8769-14850D678416}.Debug|x64.ActiveCfg = Debug|x64
		{9E8BC461-C981-4947-8769-14850D678416}.Debug|x64.Build.0 = Debug|x64
		{9E8BC461-C981-4947-8769-14850D678416}.Debug|x86.ActiveCfg = Debug|Win32
		{9E8BC461-C981-4947-8769-14850D678416}.Debug|x86.Build.0 = Debug|Win32
		{9E8BC461-C981-4947-8769-14850D678416}.Release|x64.ActiveCfg = Release|x64
		{9E8BC461-C981-4947-8769-14850D678416}.Release|x64.Build.0 = Release|x64
		{9E8BC461-C981-4947-8769-14850D678416}.Release|x86.ActiveCfg = Release|Win32
		{9E8BC461-C981-4947-8769-14850D678416}.Release|x86.Build.0 = Release|Win32
		{3A3B6480-7F4E-4C6B-B133-40D907EF1FC4}.Debug|x64.ActiveCfg = Debug|x64
		{3A3B6480-7F4E-4C6B-B133-40D907EF1FC4}.Debug|x64.Build.0 = Debug|x64
		{3A3B6480-7F4E-4C6B-B133-40D907EF1FC4}.Debug|x86.ActiveCfg = Debug|Win32
		{3A3B6480-7F4E-4C6B-B133-40D907EF1FC4}.Debug|x86.Build.0 = Debug|Win32
		{3A3B6480-7F4E-4C6B-B133-40D907EF1FC4}.Release|x64.ActiveCfg = Release|x64
		{3A3B6480-7F4E-4C6B-B133-40D907EF1FC4}.Release|x64.Build.0 = Release|x64
		{3A3B6480-7F4E-4C6B-B133-40D907EF1FC4}.Release|x86.ActiveCfg = Release|Win32
		{3A3B6480-7F4E-4C6B-B133-40D907EF1FC4}.Release|x86.Build.0 = Release|Win32
		{9939DFB7-CF5F-4551-909F-118E8CED84BF}.Debug|x64.ActiveCfg = Debug|x64
		{9939DFB7-CF5F-4551-909F-118E8CED84BF}.Debug|x64.Build.0 = Debug|x64
		{9939DFB7-CF5F-4551-909F-118E8CED84BF}.Debug|x86.ActiveCfg = Debug|Win32
		{9939DFB7-CF5F-4551-909F-118E8CED84BF}.Debug|x86.Build.0 = Debug|Win32
		{9939DFB7-CF5F-4551-909F-118E8CED84BF}.Release|x64.ActiveCfg = Release|x64
		{9939DFB7-CF5F-4551-909F-118E8CED84BF}.Release|x64.Build.0 = Release|x64
		{9939DFB7-CF5F-4551-909F-118E8CED84BF}.Release|x86.ActiveCfg = Release|Win32
		{9939DFB7-CF5F-4551-909F-118E8CED84BF}.Release|x86.Build.0 = Release|Win32
		{8A5B6F37-1BD4-493A-AE3C-BBB6BDA4CB91}.Debug|x64.ActiveCfg = Debug|x64
		{8A5B6F37-1BD4-493A-AE3C-BBB6BDA4CB91}.Debug|x64.Build.0 = Debug|x64
		{8A5B6F37-1BD4-493A-AE3C-BBB6BDA4CB91}.Debug|x86.ActiveCfg = Debug|Win32
		{8A5B6F37-1BD4-493A-AE3C-BBB6BDA4CB91}.Debug|x86.Build.0 = Debug|Win32
		{8A5B6F37-1BD4-493A-AE3C-BBB6BDA4CB91}.Release|x64.ActiveCfg = Release|x64
		{8A5B6F37-1BD4-493A-AE3C-BBB6BDA4CB91}.Release|x64.Build.0 = Release|x64
		{8A5B6F37-1BD4-493A-AE3C-BBB6BDA4CB91}.Release|x86.ActiveCfg = Release|Win32
		{8A5B6F37-1BD4-493A-AE3C-BBB6BDA4CB91}.Release|x86.Build.0 = Release|Win32
		{74954A8B-B546-4581-B84F-75E206B75165}.Debug|x64.ActiveCfg = Debug|x64
		{74954A8B-B546-4581-B84F-75E206B75165}.Debug|x64.Build.0 = Debug|x64
		{74954A8B-B546-4581-B84F-75E206B75165}.Debug|x86.ActiveCfg = Debug|Win32
		{74954A8B-B546-4581-B84F-75E206B75165}.Debug|x86.Build.0 = Debug|Win32
		{74954A8B-B546-4581-B84F-75E206B75165}.Release|x64.ActiveCfg = Release|x64
		{74954A8B-B546-4581-B84F-75E206B75165}.Release|x64.Build.0 = Release|x64
		{74954A8B-B546-4581-B84F-75E206B75165}.Release|x86.ActiveCfg = Release|Win32
		{74954A8B-B546-4581-B84F-75E206B75165}.Release|x86.Build.0 = Release|Win32
		{BE9FEDAC-7056-432F-A1C3-FAFF239C6685}.Debug|x64.ActiveCfg = Debug|x64
		{BE9FEDAC-7056-432F-A1C3-FAFF239C6685}.Debug|x64.Build.0 = Debug|x64
		{BE9FEDAC-7056-432F-A1C3-FAFF239C6685}.Debug|x86.ActiveCfg = Debug|Win32
		{BE9FEDAC-7056-432F-A1C3-FAFF239C6685}.Debug|x86.Build.0 = Debug|Win32
		{BE9FEDAC-7056-432F-A1C3-FAFF239C6685}.Release|x64.ActiveCfg = Release|x64
		{BE9FEDAC-7056-432F-A1C3-FAFF239C6685}.Release|x64.Build.0 = Release|x64
		{BE9FEDAC-7056-432F-A1C3-FAFF239C6685}.Release|x86.ActiveCfg = Release|Win32
		{BE9FEDAC-7056-432F-A1C3-FAFF239C6685}.Release|x86.Build.0 = Release|Win32
		{9D88D40A-E308-4653-9129-4F3C7C2A389C}.Debug|x64.ActiveCfg = Debug|x64
		{9D88D40A-E308-4653-9129-4F3C7C2A389C}.Debug|x64.Build.0 = Debug|x64
		{9D88D40A-E308-4653-9129-4F3C7C2A389C}.Debug|x86.ActiveCfg = Debug|Win32
		{9D88D40A-E308-4653-9129-4F3C7C2A389C}.Debug|x86.Build.0 = Debug|Win32
		{9D88D40A-E308-4653-9129-4F3C7C2A389C}.Release|x64.ActiveCfg = Release|x64
		{9D88D40A-E308-4653-9129-4F3C7C2A389C}.Release|x64.Build.0 = Release|x64
		{9D88D40A-E308-4653-9129-4F3C7C2A389C}.Release|x86.ActiveCfg = Release|Win32
		{9D88D40A-E308-4653-9129-4F3C7C2A389C}.Release|x86.Build.0 = Release|Win32
		{8104DC5A-DADD-42A1-999C-6C5C63C6A9F9}.Debug|x64.ActiveCfg = Debug|x64
		{8104DC5A-DADD-42A1-999C-6C5C63C6A9F9}.Debug|x64.Build.0 = Debug|x64
		{8104DC5A-DADD-42A1-999C-6C5C63C6A9F9}.Debug|x86.ActiveCfg = Debug|Win32
		{8104DC5A-DADD-42A1-999C-6C5C63C6A9F9}.Debug|x86.Build.0 = Debug|Win32
		{8104DC5A-DADD-42A1-999C-6C5C63C6A9F9}.Release|x64.ActiveCfg = Release|x64
		{8104DC5A-DADD-42A1-999C-6C5C63C6A9F9}.Release|x64.Build.0 = Release|x64
		{8104DC5A-DADD-42A1-999C-6C5C63C6A9F9}.Release|x86.ActiveCfg = Release|Win32
		{8104DC5A-DADD-42A1-999C-6C5C63C6A9F9}.Release|x86.Build.0 = Release|Win32
		{125F32E5-E451-4ADC-87BD-F32B9804D593}.Debug|x64.ActiveCfg = Debug|x64
		{125F32E5-E451-4ADC-87BD-F32B9804D593}.Debug|x64.Build.0 = Debug|x64
		{125F32E5-E451-4ADC-87BD-F32B9804D593}.Debug|x86.ActiveCfg = Debug|Win32
		{125F32E5-E451-4ADC-87BD-F32B9804D593}.Debug|x86.Build.0 = Debug|Win32
		{125F32E5-E451-4ADC-87BD-F32B9804D593}.Release|x64.ActiveCfg = Release|x64
		{125F32E5-E451-4ADC-87BD-F32B9804D593}.Release|x64.Build.0 = Release|x64
		{125F32E5-E451-4ADC-87BD-F32B9804D593}.Release|x86.ActiveCfg = Release|Win32
		{125F32E5-E451-4ADC-87BD-F32B9804D593}.Release|x86.Build.0 = Release|Win32
	EndGlobalSection
	GlobalSection(SolutionProperties) = preSolution
		HideSolutionNode = FALSE
	EndGlobalSection
	GlobalSection(ExtensibilityGlobals) = postSolution
		SolutionGuid = {2E4050E0-3156-4B76-A555-DC772015E0FE}
	EndGlobalSection
EndGlobal
